
Microsoft Visual Studio Solution File, Format Version 11.00
# Visual Studio 2010
Project("{FAE04EC0-301F-11D3-BF4B-00C04F79EFBC}") = "UniTask", "UniTask.csproj", "{587dd4c0-c86a-a73a-4e09-b7a703a4d6a0}"
EndProject
Project("{FAE04EC0-301F-11D3-BF4B-00C04F79EFBC}") = "Assembly-CSharp", "Assembly-CSharp.csproj", "{4b23a7c4-e9df-ba25-f8ba-ceb3692977f9}"
EndProject
Project("{FAE04EC0-301F-11D3-BF4B-00C04F79EFBC}") = "UniTask.Linq", "UniTask.Linq.csproj", "{7054203b-ab64-dd35-5b6d-7f7588c962ac}"
EndProject
Project("{FAE04EC0-301F-11D3-BF4B-00C04F79EFBC}") = "UniTask.DOTween", "UniTask.DOTween.csproj", "{0fadaa32-549e-91cc-1bc6-2eabb21330e1}"
EndProject
Project("{FAE04EC0-301F-11D3-BF4B-00C04F79EFBC}") = "UniTask.TextMeshPro", "UniTask.TextMeshPro.csproj", "{b2c0ee45-8e5b-da62-0104-a749b51a5ea5}"
EndProject
Project("{FAE04EC0-301F-11D3-BF4B-00C04F79EFBC}") = "UniTask.Addressables", "UniTask.Addressables.csproj", "{0404f5a2-a71b-352e-327a-7e770a403177}"
EndProject
Project("{FAE04EC0-301F-11D3-BF4B-00C04F79EFBC}") = "Assembly-CSharp-Editor", "Assembly-CSharp-Editor.csproj", "{3b649654-238b-f437-39a9-2c789094e433}"
EndProject
Project("{FAE04EC0-301F-11D3-BF4B-00C04F79EFBC}") = "UniTask.Editor", "UniTask.Editor.csproj", "{b12b1907-db9f-efc3-c020-78b2f6fd0655}"
EndProject
Project("{FAE04EC0-301F-11D3-BF4B-00C04F79EFBC}") = "Assembly-CSharp-firstpass", "Assembly-CSharp-firstpass.csproj", "{3f0c3fb0-4e8e-0676-d72b-2637f34c0956}"
EndProject
Global
	GlobalSection(SolutionConfigurationPlatforms) = preSolution
		Debug|Any CPU = Debug|Any CPU
	EndGlobalSection
	GlobalSection(ProjectConfigurationPlatforms) = postSolution
		{587dd4c0-c86a-a73a-4e09-b7a703a4d6a0}.Debug|Any CPU.ActiveCfg = Debug|Any CPU
		{587dd4c0-c86a-a73a-4e09-b7a703a4d6a0}.Debug|Any CPU.Build.0 = Debug|Any CPU
		{4b23a7c4-e9df-ba25-f8ba-ceb3692977f9}.Debug|Any CPU.ActiveCfg = Debug|Any CPU
		{4b23a7c4-e9df-ba25-f8ba-ceb3692977f9}.Debug|Any CPU.Build.0 = Debug|Any CPU
		{7054203b-ab64-dd35-5b6d-7f7588c962ac}.Debug|Any CPU.ActiveCfg = Debug|Any CPU
		{7054203b-ab64-dd35-5b6d-7f7588c962ac}.Debug|Any CPU.Build.0 = Debug|Any CPU
		{0fadaa32-549e-91cc-1bc6-2eabb21330e1}.Debug|Any CPU.ActiveCfg = Debug|Any CPU
		{0fadaa32-549e-91cc-1bc6-2eabb21330e1}.Debug|Any CPU.Build.0 = Debug|Any CPU
		{b2c0ee45-8e5b-da62-0104-a749b51a5ea5}.Debug|Any CPU.ActiveCfg = Debug|Any CPU
		{b2c0ee45-8e5b-da62-0104-a749b51a5ea5}.Debug|Any CPU.Build.0 = Debug|Any CPU
		{0404f5a2-a71b-352e-327a-7e770a403177}.Debug|Any CPU.ActiveCfg = Debug|Any CPU
		{0404f5a2-a71b-352e-327a-7e770a403177}.Debug|Any CPU.Build.0 = Debug|Any CPU
		{3b649654-238b-f437-39a9-2c789094e433}.Debug|Any CPU.ActiveCfg = Debug|Any CPU
		{3b649654-238b-f437-39a9-2c789094e433}.Debug|Any CPU.Build.0 = Debug|Any CPU
		{b12b1907-db9f-efc3-c020-78b2f6fd0655}.Debug|Any CPU.ActiveCfg = Debug|Any CPU
		{b12b1907-db9f-efc3-c020-78b2f6fd0655}.Debug|Any CPU.Build.0 = Debug|Any CPU
		{3f0c3fb0-4e8e-0676-d72b-2637f34c0956}.Debug|Any CPU.ActiveCfg = Debug|Any CPU
		{3f0c3fb0-4e8e-0676-d72b-2637f34c0956}.Debug|Any CPU.Build.0 = Debug|Any CPU
	EndGlobalSection
	GlobalSection(SolutionProperties) = preSolution
		HideSolutionNode = FALSE
	EndGlobalSection
EndGlobal
