
Microsoft Visual Studio Solution File, Format Version 11.00
# Visual Studio 2010
Project("{8BC9CEB8-8B4A-11D0-8D11-00A0C91BC942}") = "StateMachine", "StateMachine\StateMachine.vcxproj", "{5CD2257C-723E-49F2-87C4-D56E983348B6}"
EndProject
Global
	GlobalSection(SolutionConfigurationPlatforms) = preSolution
		Debug|Win32 = Debug|Win32
		Release|Win32 = Release|Win32
	EndGlobalSection
	GlobalSection(ProjectConfigurationPlatforms) = postSolution
		{5CD2257C-723E-49F2-87C4-D56E983348B6}.Debug|Win32.ActiveCfg = Debug|Win32
		{5CD2257C-723E-49F2-87C4-D56E983348B6}.Debug|Win32.Build.0 = Debug|Win32
		{5CD2257C-723E-49F2-87C4-D56E983348B6}.Release|Win32.ActiveCfg = Release|Win32
		{5CD2257C-723E-49F2-87C4-D56E983348B6}.Release|Win32.Build.0 = Release|Win32
	EndGlobalSection
	GlobalSection(SolutionProperties) = preSolution
		HideSolutionNode = FALSE
	EndGlobalSection
EndGlobal
